
Microsoft Visual Studio Solution File, Format Version 12.00
# Visual Studio Version 16
VisualStudioVersion = 16.0.31205.134
MinimumVisualStudioVersion = 10.0.40219.1
Project("{FAE04EC0-301F-11D3-BF4B-00C04F79EFBC}") = "Lab_0408_Form", "Lab_0408_Form\Lab_0408_Form.csproj", "{B42CA2D4-4DCE-4A44-8078-21628D4B01A7}"
EndProject
Global
	GlobalSection(SolutionConfigurationPlatforms) = preSolution
		Debug|Any CPU = Debug|Any CPU
		Release|Any CPU = Release|Any CPU
	EndGlobalSection
	GlobalSection(ProjectConfigurationPlatforms) = postSolution
		{B42CA2D4-4DCE-4A44-8078-21628D4B01A7}.Debug|Any CPU.ActiveCfg = Debug|Any CPU
		{B42CA2D4-4DCE-4A44-8078-21628D4B01A7}.Debug|Any CPU.Build.0 = Debug|Any CPU
		{B42CA2D4-4DCE-4A44-8078-21628D4B01A7}.Release|Any CPU.ActiveCfg = Release|Any CPU
		{B42CA2D4-4DCE-4A44-8078-21628D4B01A7}.Release|Any CPU.Build.0 = Release|Any CPU
	EndGlobalSection
	GlobalSection(SolutionProperties) = preSolution
		HideSolutionNode = FALSE
	EndGlobalSection
	GlobalSection(ExtensibilityGlobals) = postSolution
		SolutionGuid = {FBE5D473-765A-4150-A921-FF6CD6F30A0A}
	EndGlobalSection
EndGlobal
